{
  "name": "alien-invasion",
  "requires": true,
  "lockfileVersion": 1,
  "dependencies": {
    "@types/node": {
      "version": "8.0.20",
      "resolved": "https://registry.npmjs.org/@types/node/-/node-8.0.20.tgz",
      "integrity": "sha512-MnB7YEpmLUyEWRVRhKpRs4swwqITnY8BcVFPoTuCl99SCplI/lLUiU5vcJ/OANDqwkpdIg0pDEM38K22KQT2RA=="
    },
    "@types/ramda": {
      "version": "0.24.7",
      "resolved": "https://registry.npmjs.org/@types/ramda/-/ramda-0.24.7.tgz",
      "integrity": "sha512-gHlNay4reSHG4OZUE5U1wy5es7RBpp+RHbiKHJUE8LqTdDe3tQh3rfgDeJQiMWDaBSwsqt3mL49nErFpeOsFkw=="
    },
    "ramda": {
      "version": "0.24.1",
      "resolved": "https://registry.npmjs.org/ramda/-/ramda-0.24.1.tgz",
      "integrity": "sha1-w7d1UZfzW43DUCIoJixMkd22uFc="
    },
    "typescript": {
      "version": "2.4.2",
      "resolved": "https://registry.npmjs.org/typescript/-/typescript-2.4.2.tgz",
      "integrity": "sha1-+DlfhdRZJ2BnyYiqQYN6j4KHCEQ="
    }
  }
}
